
Microsoft Visual Studio Solution File, Format Version 12.00
# Visual Studio Version 16
VisualStudioVersion = 16.0.31424.327
MinimumVisualStudioVersion = 10.0.40219.1
Project("{2150E333-8FDC-42A3-9474-1A3956D46DE8}") = "Solution Items", "Solution Items", "{31E95292-8031-434F-8CA7-4C2BB0D3256B}"
	ProjectSection(SolutionItems) = preProject
		Documents.cs = Documents.cs
	EndProjectSection
EndProject
Project("{9A19103F-16F7-4668-BE54-9A1E7A4F7556}") = "Zadanie2", "Zadanie2\Zadanie2.csproj", "{2828F89B-BE94-4E55-B5BD-0E8308732396}"
EndProject
Project("{9A19103F-16F7-4668-BE54-9A1E7A4F7556}") = "Zadanie1", "Zadanie1\Zadanie1.csproj", "{B7C88E51-2CDB-4186-95CD-9E7DF51D904B}"
EndProject
Project("{9A19103F-16F7-4668-BE54-9A1E7A4F7556}") = "Zadanie1UnitTests", "Zadanie1UnitTests\Zadanie1UnitTests.csproj", "{8C36EB1F-2E5D-46DD-A562-C5955E8F1035}"
EndProject
Project("{9A19103F-16F7-4668-BE54-9A1E7A4F7556}") = "Zadanie3", "Zadanie3\Zadanie3.csproj", "{EDC6FEF5-729E-4293-8F69-410B13AE3BBE}"
EndProject
Project("{FAE04EC0-301F-11D3-BF4B-00C04F79EFBC}") = "Zadanie2UnitTests", "Zadanie2UnitTests\Zadanie2UnitTests.csproj", "{8167A3B2-349F-4781-9A9D-BF576C6E6C0A}"
EndProject
Global
	GlobalSection(SolutionConfigurationPlatforms) = preSolution
		Debug|Any CPU = Debug|Any CPU
		Release|Any CPU = Release|Any CPU
	EndGlobalSection
	GlobalSection(ProjectConfigurationPlatforms) = postSolution
		{2828F89B-BE94-4E55-B5BD-0E8308732396}.Debug|Any CPU.ActiveCfg = Debug|Any CPU
		{2828F89B-BE94-4E55-B5BD-0E8308732396}.Debug|Any CPU.Build.0 = Debug|Any CPU
		{2828F89B-BE94-4E55-B5BD-0E8308732396}.Release|Any CPU.ActiveCfg = Release|Any CPU
		{2828F89B-BE94-4E55-B5BD-0E8308732396}.Release|Any CPU.Build.0 = Release|Any CPU
		{B7C88E51-2CDB-4186-95CD-9E7DF51D904B}.Debug|Any CPU.ActiveCfg = Debug|Any CPU
		{B7C88E51-2CDB-4186-95CD-9E7DF51D904B}.Debug|Any CPU.Build.0 = Debug|Any CPU
		{B7C88E51-2CDB-4186-95CD-9E7DF51D904B}.Release|Any CPU.ActiveCfg = Release|Any CPU
		{B7C88E51-2CDB-4186-95CD-9E7DF51D904B}.Release|Any CPU.Build.0 = Release|Any CPU
		{8C36EB1F-2E5D-46DD-A562-C5955E8F1035}.Debug|Any CPU.ActiveCfg = Debug|Any CPU
		{8C36EB1F-2E5D-46DD-A562-C5955E8F1035}.Debug|Any CPU.Build.0 = Debug|Any CPU
		{8C36EB1F-2E5D-46DD-A562-C5955E8F1035}.Release|Any CPU.ActiveCfg = Release|Any CPU
		{8C36EB1F-2E5D-46DD-A562-C5955E8F1035}.Release|Any CPU.Build.0 = Release|Any CPU
		{EDC6FEF5-729E-4293-8F69-410B13AE3BBE}.Debug|Any CPU.ActiveCfg = Debug|Any CPU
		{EDC6FEF5-729E-4293-8F69-410B13AE3BBE}.Debug|Any CPU.Build.0 = Debug|Any CPU
		{EDC6FEF5-729E-4293-8F69-410B13AE3BBE}.Release|Any CPU.ActiveCfg = Release|Any CPU
		{EDC6FEF5-729E-4293-8F69-410B13AE3BBE}.Release|Any CPU.Build.0 = Release|Any CPU
		{8167A3B2-349F-4781-9A9D-BF576C6E6C0A}.Debug|Any CPU.ActiveCfg = Debug|Any CPU
		{8167A3B2-349F-4781-9A9D-BF576C6E6C0A}.Debug|Any CPU.Build.0 = Debug|Any CPU
		{8167A3B2-349F-4781-9A9D-BF576C6E6C0A}.Release|Any CPU.ActiveCfg = Release|Any CPU
		{8167A3B2-349F-4781-9A9D-BF576C6E6C0A}.Release|Any CPU.Build.0 = Release|Any CPU
	EndGlobalSection
	GlobalSection(SolutionProperties) = preSolution
		HideSolutionNode = FALSE
	EndGlobalSection
	GlobalSection(ExtensibilityGlobals) = postSolution
		SolutionGuid = {F2BAE449-2C69-4ADF-9AE9-5829C80C2283}
	EndGlobalSection
EndGlobal
